
Microsoft Visual Studio Solution File, Format Version 12.00
# Visual Studio 15
VisualStudioVersion = 15.0.26730.12
MinimumVisualStudioVersion = 10.0.40219.1
Project("{FAE04EC0-301F-11D3-BF4B-00C04F79EFBC}") = "CS_GeneticAlgorithm", "CS_GeneticAlgorithm\CS_GeneticAlgorithm.csproj", "{FF56BB87-8EF5-4412-85C4-A5828A6EC188}"
EndProject
Global
	GlobalSection(SolutionConfigurationPlatforms) = preSolution
		Debug|Any CPU = Debug|Any CPU
		Release|Any CPU = Release|Any CPU
	EndGlobalSection
	GlobalSection(ProjectConfigurationPlatforms) = postSolution
		{FF56BB87-8EF5-4412-85C4-A5828A6EC188}.Debug|Any CPU.ActiveCfg = Debug|Any CPU
		{FF56BB87-8EF5-4412-85C4-A5828A6EC188}.Debug|Any CPU.Build.0 = Debug|Any CPU
		{FF56BB87-8EF5-4412-85C4-A5828A6EC188}.Release|Any CPU.ActiveCfg = Release|Any CPU
		{FF56BB87-8EF5-4412-85C4-A5828A6EC188}.Release|Any CPU.Build.0 = Release|Any CPU
	EndGlobalSection
	GlobalSection(SolutionProperties) = preSolution
		HideSolutionNode = FALSE
	EndGlobalSection
	GlobalSection(ExtensibilityGlobals) = postSolution
		SolutionGuid = {4A06EF45-BF51-4235-B2AB-6D7FC42FC324}
	EndGlobalSection
EndGlobal
